
Microsoft Visual Studio Solution File, Format Version 12.00
# Visual Studio Version 17
VisualStudioVersion = 17.0.31903.59
MinimumVisualStudioVersion = 10.0.40219.1
Project("{2150E333-8FDC-42A3-9474-1A3956D46DE8}") = "src", "src", "{827E0CD3-B72D-47B6-A68D-7590B98EB39B}"
EndProject
Project("{FAE04EC0-301F-11D3-BF4B-00C04F79EFBC}") = "SoulsTracker.Domain", "src\SoulsTracker.Domain\SoulsTracker.Domain.csproj", "{BD050D1E-2EB5-427F-A9DE-FB5814E4622A}"
EndProject
Project("{FAE04EC0-301F-11D3-BF4B-00C04F79EFBC}") = "SoulsTracker.Application", "src\SoulsTracker.Application\SoulsTracker.Application.csproj", "{667BF4CB-C6A2-4F8E-A6BF-99995AE720F8}"
EndProject
Project("{FAE04EC0-301F-11D3-BF4B-00C04F79EFBC}") = "SoulsTracker.Infrastructure", "src\SoulsTracker.Infrastructure\SoulsTracker.Infrastructure.csproj", "{16FF20D3-0A0F-4AD0-A87E-B6F9267D6A36}"
EndProject
Project("{FAE04EC0-301F-11D3-BF4B-00C04F79EFBC}") = "SoulsTracker.Desktop", "src\SoulsTracker.Desktop\SoulsTracker.Desktop.csproj", "{AEB73510-D0A4-4FA7-BDCA-551D0592E9C7}"
EndProject
Project("{FAE04EC0-301F-11D3-BF4B-00C04F79EFBC}") = "SoulsTracker.Overlay", "src\SoulsTracker.Overlay\SoulsTracker.Overlay.csproj", "{34D79BBE-66D7-4915-9CEC-521826E62925}"
EndProject
Project("{2150E333-8FDC-42A3-9474-1A3956D46DE8}") = "tests", "tests", "{0AB3BF05-4346-4AA6-1389-037BE0695223}"
EndProject
Project("{FAE04EC0-301F-11D3-BF4B-00C04F79EFBC}") = "SoulsTracker.Domain.Tests", "tests\SoulsTracker.Domain.Tests\SoulsTracker.Domain.Tests.csproj", "{7EA6D024-3617-4FB3-A817-D67010EDB6EC}"
EndProject
Project("{FAE04EC0-301F-11D3-BF4B-00C04F79EFBC}") = "SoulsTracker.Application.Tests", "tests\SoulsTracker.Application.Tests\SoulsTracker.Application.Tests.csproj", "{BF58B899-995D-4E62-866B-54AFFC53B15D}"
EndProject
Project("{FAE04EC0-301F-11D3-BF4B-00C04F79EFBC}") = "SoulsTracker.Infrastructure.Tests", "tests\SoulsTracker.Infrastructure.Tests\SoulsTracker.Infrastructure.Tests.csproj", "{C5D8E7F1-CEDD-4E95-AAF9-2AF221121C99}"
EndProject
Project("{FAE04EC0-301F-11D3-BF4B-00C04F79EFBC}") = "SoulsTracker.Overlay.Tests", "tests\SoulsTracker.Overlay.Tests\SoulsTracker.Overlay.Tests.csproj", "{1B691048-34FB-492A-9948-E47053EB47DB}"
EndProject
Project("{FAE04EC0-301F-11D3-BF4B-00C04F79EFBC}") = "SoulsTracker.Desktop.Tests", "tests\SoulsTracker.Desktop.Tests\SoulsTracker.Desktop.Tests.csproj", "{0DFBF8EF-07B5-46C0-8D0A-13F80F38D3B1}"
EndProject
Global
	GlobalSection(SolutionConfigurationPlatforms) = preSolution
		Debug|Any CPU = Debug|Any CPU
		Debug|x64 = Debug|x64
		Debug|x86 = Debug|x86
		Release|Any CPU = Release|Any CPU
		Release|x64 = Release|x64
		Release|x86 = Release|x86
	EndGlobalSection
	GlobalSection(ProjectConfigurationPlatforms) = postSolution
		{BD050D1E-2EB5-427F-A9DE-FB5814E4622A}.Debug|Any CPU.ActiveCfg = Debug|Any CPU
		{BD050D1E-2EB5-427F-A9DE-FB5814E4622A}.Debug|Any CPU.Build.0 = Debug|Any CPU
		{BD050D1E-2EB5-427F-A9DE-FB5814E4622A}.Debug|x64.ActiveCfg = Debug|Any CPU
		{BD050D1E-2EB5-427F-A9DE-FB5814E4622A}.Debug|x64.Build.0 = Debug|Any CPU
		{BD050D1E-2EB5-427F-A9DE-FB5814E4622A}.Debug|x86.ActiveCfg = Debug|Any CPU
		{BD050D1E-2EB5-427F-A9DE-FB5814E4622A}.Debug|x86.Build.0 = Debug|Any CPU
		{BD050D1E-2EB5-427F-A9DE-FB5814E4622A}.Release|Any CPU.ActiveCfg = Release|Any CPU
		{BD050D1E-2EB5-427F-A9DE-FB5814E4622A}.Release|Any CPU.Build.0 = Release|Any CPU
		{BD050D1E-2EB5-427F-A9DE-FB5814E4622A}.Release|x64.ActiveCfg = Release|Any CPU
		{BD050D1E-2EB5-427F-A9DE-FB5814E4622A}.Release|x64.Build.0 = Release|Any CPU
		{BD050D1E-2EB5-427F-A9DE-FB5814E4622A}.Release|x86.ActiveCfg = Release|Any CPU
		{BD050D1E-2EB5-427F-A9DE-FB5814E4622A}.Release|x86.Build.0 = Release|Any CPU
		{667BF4CB-C6A2-4F8E-A6BF-99995AE720F8}.Debug|Any CPU.ActiveCfg = Debug|Any CPU
		{667BF4CB-C6A2-4F8E-A6BF-99995AE720F8}.Debug|Any CPU.Build.0 = Debug|Any CPU
		{667BF4CB-C6A2-4F8E-A6BF-99995AE720F8}.Debug|x64.ActiveCfg = Debug|Any CPU
		{667BF4CB-C6A2-4F8E-A6BF-99995AE720F8}.Debug|x64.Build.0 = Debug|Any CPU
		{667BF4CB-C6A2-4F8E-A6BF-99995AE720F8}.Debug|x86.ActiveCfg = Debug|Any CPU
		{667BF4CB-C6A2-4F8E-A6BF-99995AE720F8}.Debug|x86.Build.0 = Debug|Any CPU
		{667BF4CB-C6A2-4F8E-A6BF-99995AE720F8}.Release|Any CPU.ActiveCfg = Release|Any CPU
		{667BF4CB-C6A2-4F8E-A6BF-99995AE720F8}.Release|Any CPU.Build.0 = Release|Any CPU
		{667BF4CB-C6A2-4F8E-A6BF-99995AE720F8}.Release|x64.ActiveCfg = Release|Any CPU
		{667BF4CB-C6A2-4F8E-A6BF-99995AE720F8}.Release|x64.Build.0 = Release|Any CPU
		{667BF4CB-C6A2-4F8E-A6BF-99995AE720F8}.Release|x86.ActiveCfg = Release|Any CPU
		{667BF4CB-C6A2-4F8E-A6BF-99995AE720F8}.Release|x86.Build.0 = Release|Any CPU
		{16FF20D3-0A0F-4AD0-A87E-B6F9267D6A36}.Debug|Any CPU.ActiveCfg = Debug|Any CPU
		{16FF20D3-0A0F-4AD0-A87E-B6F9267D6A36}.Debug|Any CPU.Build.0 = Debug|Any CPU
		{16FF20D3-0A0F-4AD0-A87E-B6F9267D6A36}.Debug|x64.ActiveCfg = Debug|Any CPU
		{16FF20D3-0A0F-4AD0-A87E-B6F9267D6A36}.Debug|x64.Build.0 = Debug|Any CPU
		{16FF20D3-0A0F-4AD0-A87E-B6F9267D6A36}.Debug|x86.ActiveCfg = Debug|Any CPU
		{16FF20D3-0A0F-4AD0-A87E-B6F9267D6A36}.Debug|x86.Build.0 = Debug|Any CPU
		{16FF20D3-0A0F-4AD0-A87E-B6F9267D6A36}.Release|Any CPU.ActiveCfg = Release|Any CPU
		{16FF20D3-0A0F-4AD0-A87E-B6F9267D6A36}.Release|Any CPU.Build.0 = Release|Any CPU
		{16FF20D3-0A0F-4AD0-A87E-B6F9267D6A36}.Release|x64.ActiveCfg = Release|Any CPU
		{16FF20D3-0A0F-4AD0-A87E-B6F9267D6A36}.Release|x64.Build.0 = Release|Any CPU
		{16FF20D3-0A0F-4AD0-A87E-B6F9267D6A36}.Release|x86.ActiveCfg = Release|Any CPU
		{16FF20D3-0A0F-4AD0-A87E-B6F9267D6A36}.Release|x86.Build.0 = Release|Any CPU
		{AEB73510-D0A4-4FA7-BDCA-551D0592E9C7}.Debug|Any CPU.ActiveCfg = Debug|Any CPU
		{AEB73510-D0A4-4FA7-BDCA-551D0592E9C7}.Debug|Any CPU.Build.0 = Debug|Any CPU
		{AEB73510-D0A4-4FA7-BDCA-551D0592E9C7}.Debug|x64.ActiveCfg = Debug|Any CPU
		{AEB73510-D0A4-4FA7-BDCA-551D0592E9C7}.Debug|x64.Build.0 = Debug|Any CPU
		{AEB73510-D0A4-4FA7-BDCA-551D0592E9C7}.Debug|x86.ActiveCfg = Debug|Any CPU
		{AEB73510-D0A4-4FA7-BDCA-551D0592E9C7}.Debug|x86.Build.0 = Debug|Any CPU
		{AEB73510-D0A4-4FA7-BDCA-551D0592E9C7}.Release|Any CPU.ActiveCfg = Release|Any CPU
		{AEB73510-D0A4-4FA7-BDCA-551D0592E9C7}.Release|Any CPU.Build.0 = Release|Any CPU
		{AEB73510-D0A4-4FA7-BDCA-551D0592E9C7}.Release|x64.ActiveCfg = Release|Any CPU
		{AEB73510-D0A4-4FA7-BDCA-551D0592E9C7}.Release|x64.Build.0 = Release|Any CPU
		{AEB73510-D0A4-4FA7-BDCA-551D0592E9C7}.Release|x86.ActiveCfg = Release|Any CPU
		{AEB73510-D0A4-4FA7-BDCA-551D0592E9C7}.Release|x86.Build.0 = Release|Any CPU
		{34D79BBE-66D7-4915-9CEC-521826E62925}.Debug|Any CPU.ActiveCfg = Debug|Any CPU
		{34D79BBE-66D7-4915-9CEC-521826E62925}.Debug|Any CPU.Build.0 = Debug|Any CPU
		{34D79BBE-66D7-4915-9CEC-521826E62925}.Debug|x64.ActiveCfg = Debug|Any CPU
		{34D79BBE-66D7-4915-9CEC-521826E62925}.Debug|x64.Build.0 = Debug|Any CPU
		{34D79BBE-66D7-4915-9CEC-521826E62925}.Debug|x86.ActiveCfg = Debug|Any CPU
		{34D79BBE-66D7-4915-9CEC-521826E62925}.Debug|x86.Build.0 = Debug|Any CPU
		{34D79BBE-66D7-4915-9CEC-521826E62925}.Release|Any CPU.ActiveCfg = Release|Any CPU
		{34D79BBE-66D7-4915-9CEC-521826E62925}.Release|Any CPU.Build.0 = Release|Any CPU
		{34D79BBE-66D7-4915-9CEC-521826E62925}.Release|x64.ActiveCfg = Release|Any CPU
		{34D79BBE-66D7-4915-9CEC-521826E62925}.Release|x64.Build.0 = Release|Any CPU
		{34D79BBE-66D7-4915-9CEC-521826E62925}.Release|x86.ActiveCfg = Release|Any CPU
		{34D79BBE-66D7-4915-9CEC-521826E62925}.Release|x86.Build.0 = Release|Any CPU
		{7EA6D024-3617-4FB3-A817-D67010EDB6EC}.Debug|Any CPU.ActiveCfg = Debug|Any CPU
		{7EA6D024-3617-4FB3-A817-D67010EDB6EC}.Debug|Any CPU.Build.0 = Debug|Any CPU
		{7EA6D024-3617-4FB3-A817-D67010EDB6EC}.Debug|x64.ActiveCfg = Debug|Any CPU
		{7EA6D024-3617-4FB3-A817-D67010EDB6EC}.Debug|x64.Build.0 = Debug|Any CPU
		{7EA6D024-3617-4FB3-A817-D67010EDB6EC}.Debug|x86.ActiveCfg = Debug|Any CPU
		{7EA6D024-3617-4FB3-A817-D67010EDB6EC}.Debug|x86.Build.0 = Debug|Any CPU
		{7EA6D024-3617-4FB3-A817-D67010EDB6EC}.Release|Any CPU.ActiveCfg = Release|Any CPU
		{7EA6D024-3617-4FB3-A817-D67010EDB6EC}.Release|Any CPU.Build.0 = Release|Any CPU
		{7EA6D024-3617-4FB3-A817-D67010EDB6EC}.Release|x64.ActiveCfg = Release|Any CPU
		{7EA6D024-3617-4FB3-A817-D67010EDB6EC}.Release|x64.Build.0 = Release|Any CPU
		{7EA6D024-3617-4FB3-A817-D67010EDB6EC}.Release|x86.ActiveCfg = Release|Any CPU
		{7EA6D024-3617-4FB3-A817-D67010EDB6EC}.Release|x86.Build.0 = Release|Any CPU
		{BF58B899-995D-4E62-866B-54AFFC53B15D}.Debug|Any CPU.ActiveCfg = Debug|Any CPU
		{BF58B899-995D-4E62-866B-54AFFC53B15D}.Debug|Any CPU.Build.0 = Debug|Any CPU
		{BF58B899-995D-4E62-866B-54AFFC53B15D}.Debug|x64.ActiveCfg = Debug|Any CPU
		{BF58B899-995D-4E62-866B-54AFFC53B15D}.Debug|x64.Build.0 = Debug|Any CPU
		{BF58B899-995D-4E62-866B-54AFFC53B15D}.Debug|x86.ActiveCfg = Debug|Any CPU
		{BF58B899-995D-4E62-866B-54AFFC53B15D}.Debug|x86.Build.0 = Debug|Any CPU
		{BF58B899-995D-4E62-866B-54AFFC53B15D}.Release|Any CPU.ActiveCfg = Release|Any CPU
		{BF58B899-995D-4E62-866B-54AFFC53B15D}.Release|Any CPU.Build.0 = Release|Any CPU
		{BF58B899-995D-4E62-866B-54AFFC53B15D}.Release|x64.ActiveCfg = Release|Any CPU
		{BF58B899-995D-4E62-866B-54AFFC53B15D}.Release|x64.Build.0 = Release|Any CPU
		{BF58B899-995D-4E62-866B-54AFFC53B15D}.Release|x86.ActiveCfg = Release|Any CPU
		{BF58B899-995D-4E62-866B-54AFFC53B15D}.Release|x86.Build.0 = Release|Any CPU
		{C5D8E7F1-CEDD-4E95-AAF9-2AF221121C99}.Debug|Any CPU.ActiveCfg = Debug|Any CPU
		{C5D8E7F1-CEDD-4E95-AAF9-2AF221121C99}.Debug|Any CPU.Build.0 = Debug|Any CPU
		{C5D8E7F1-CEDD-4E95-AAF9-2AF221121C99}.Debug|x64.ActiveCfg = Debug|Any CPU
		{C5D8E7F1-CEDD-4E95-AAF9-2AF221121C99}.Debug|x64.Build.0 = Debug|Any CPU
		{C5D8E7F1-CEDD-4E95-AAF9-2AF221121C99}.Debug|x86.ActiveCfg = Debug|Any CPU
		{C5D8E7F1-CEDD-4E95-AAF9-2AF221121C99}.Debug|x86.Build.0 = Debug|Any CPU
		{C5D8E7F1-CEDD-4E95-AAF9-2AF221121C99}.Release|Any CPU.ActiveCfg = Release|Any CPU
		{C5D8E7F1-CEDD-4E95-AAF9-2AF221121C99}.Release|Any CPU.Build.0 = Release|Any CPU
		{C5D8E7F1-CEDD-4E95-AAF9-2AF221121C99}.Release|x64.ActiveCfg = Release|Any CPU
		{C5D8E7F1-CEDD-4E95-AAF9-2AF221121C99}.Release|x64.Build.0 = Release|Any CPU
		{C5D8E7F1-CEDD-4E95-AAF9-2AF221121C99}.Release|x86.ActiveCfg = Release|Any CPU
		{C5D8E7F1-CEDD-4E95-AAF9-2AF221121C99}.Release|x86.Build.0 = Release|Any CPU
		{1B691048-34FB-492A-9948-E47053EB47DB}.Debug|Any CPU.ActiveCfg = Debug|Any CPU
		{1B691048-34FB-492A-9948-E47053EB47DB}.Debug|Any CPU.Build.0 = Debug|Any CPU
		{1B691048-34FB-492A-9948-E47053EB47DB}.Debug|x64.ActiveCfg = Debug|Any CPU
		{1B691048-34FB-492A-9948-E47053EB47DB}.Debug|x64.Build.0 = Debug|Any CPU
		{1B691048-34FB-492A-9948-E47053EB47DB}.Debug|x86.ActiveCfg = Debug|Any CPU
		{1B691048-34FB-492A-9948-E47053EB47DB}.Debug|x86.Build.0 = Debug|Any CPU
		{1B691048-34FB-492A-9948-E47053EB47DB}.Release|Any CPU.ActiveCfg = Release|Any CPU
		{1B691048-34FB-492A-9948-E47053EB47DB}.Release|Any CPU.Build.0 = Release|Any CPU
		{1B691048-34FB-492A-9948-E47053EB47DB}.Release|x64.ActiveCfg = Release|Any CPU
		{1B691048-34FB-492A-9948-E47053EB47DB}.Release|x64.Build.0 = Release|Any CPU
		{1B691048-34FB-492A-9948-E47053EB47DB}.Release|x86.ActiveCfg = Release|Any CPU
		{1B691048-34FB-492A-9948-E47053EB47DB}.Release|x86.Build.0 = Release|Any CPU
		{0DFBF8EF-07B5-46C0-8D0A-13F80F38D3B1}.Debug|Any CPU.ActiveCfg = Debug|Any CPU
		{0DFBF8EF-07B5-46C0-8D0A-13F80F38D3B1}.Debug|Any CPU.Build.0 = Debug|Any CPU
		{0DFBF8EF-07B5-46C0-8D0A-13F80F38D3B1}.Debug|x64.ActiveCfg = Debug|Any CPU
		{0DFBF8EF-07B5-46C0-8D0A-13F80F38D3B1}.Debug|x64.Build.0 = Debug|Any CPU
		{0DFBF8EF-07B5-46C0-8D0A-13F80F38D3B1}.Debug|x86.ActiveCfg = Debug|Any CPU
		{0DFBF8EF-07B5-46C0-8D0A-13F80F38D3B1}.Debug|x86.Build.0 = Debug|Any CPU
		{0DFBF8EF-07B5-46C0-8D0A-13F80F38D3B1}.Release|Any CPU.ActiveCfg = Release|Any CPU
		{0DFBF8EF-07B5-46C0-8D0A-13F80F38D3B1}.Release|Any CPU.Build.0 = Release|Any CPU
		{0DFBF8EF-07B5-46C0-8D0A-13F80F38D3B1}.Release|x64.ActiveCfg = Release|Any CPU
		{0DFBF8EF-07B5-46C0-8D0A-13F80F38D3B1}.Release|x64.Build.0 = Release|Any CPU
		{0DFBF8EF-07B5-46C0-8D0A-13F80F38D3B1}.Release|x86.ActiveCfg = Release|Any CPU
		{0DFBF8EF-07B5-46C0-8D0A-13F80F38D3B1}.Release|x86.Build.0 = Release|Any CPU
	EndGlobalSection
	GlobalSection(SolutionProperties) = preSolution
		HideSolutionNode = FALSE
	EndGlobalSection
	GlobalSection(NestedProjects) = preSolution
		{BD050D1E-2EB5-427F-A9DE-FB5814E4622A} = {827E0CD3-B72D-47B6-A68D-7590B98EB39B}
		{667BF4CB-C6A2-4F8E-A6BF-99995AE720F8} = {827E0CD3-B72D-47B6-A68D-7590B98EB39B}
		{16FF20D3-0A0F-4AD0-A87E-B6F9267D6A36} = {827E0CD3-B72D-47B6-A68D-7590B98EB39B}
		{AEB73510-D0A4-4FA7-BDCA-551D0592E9C7} = {827E0CD3-B72D-47B6-A68D-7590B98EB39B}
		{34D79BBE-66D7-4915-9CEC-521826E62925} = {827E0CD3-B72D-47B6-A68D-7590B98EB39B}
		{7EA6D024-3617-4FB3-A817-D67010EDB6EC} = {0AB3BF05-4346-4AA6-1389-037BE0695223}
		{BF58B899-995D-4E62-866B-54AFFC53B15D} = {0AB3BF05-4346-4AA6-1389-037BE0695223}
		{C5D8E7F1-CEDD-4E95-AAF9-2AF221121C99} = {0AB3BF05-4346-4AA6-1389-037BE0695223}
		{1B691048-34FB-492A-9948-E47053EB47DB} = {0AB3BF05-4346-4AA6-1389-037BE0695223}
		{0DFBF8EF-07B5-46C0-8D0A-13F80F38D3B1} = {0AB3BF05-4346-4AA6-1389-037BE0695223}
	EndGlobalSection
EndGlobal
